// !$*UTF8*$!
{
	archiveVersion = 1;
	classes = {
	};
	objectVersion = 56;
	objects = {

/* Begin PBXBuildFile section */
		B928D9D62B23088F0058B9EB /* Temperature.swift in Sources */ = {isa = PBXBuildFile; fileRef = B928D9D52B23088F0058B9EB /* Temperature.swift */; };
		B99254E12AE4F0A9007FC97E /* WeatherAPPApp.swift in Sources */ = {isa = PBXBuildFile; fileRef = B99254E02AE4F0A9007FC97E /* WeatherAPPApp.swift */; };
		B99254E32AE4F0A9007FC97E /* ContentView.swift in Sources */ = {isa = PBXBuildFile; fileRef = B99254E22AE4F0A9007FC97E /* ContentView.swift */; };
		B99254E52AE4F0AA007FC97E /* Assets.xcassets in Resources */ = {isa = PBXBuildFile; fileRef = B99254E42AE4F0AA007FC97E /* Assets.xcassets */; };
		B99254E82AE4F0AA007FC97E /* Preview Assets.xcassets in Resources */ = {isa = PBXBuildFile; fileRef = B99254E72AE4F0AA007FC97E /* Preview Assets.xcassets */; };
		B99254F22AE4F0AA007FC97E /* WeatherAPPTests.swift in Sources */ = {isa = PBXBuildFile; fileRef = B99254F12AE4F0AA007FC97E /* WeatherAPPTests.swift */; };
		B99254FC2AE4F0AA007FC97E /* WeatherAPPUITests.swift in Sources */ = {isa = PBXBuildFile; fileRef = B99254FB2AE4F0AA007FC97E /* WeatherAPPUITests.swift */; };
		B99254FE2AE4F0AA007FC97E /* WeatherAPPUITestsLaunchTests.swift in Sources */ = {isa = PBXBuildFile; fileRef = B99254FD2AE4F0AA007FC97E /* WeatherAPPUITestsLaunchTests.swift */; };
		B992550F2AE642E8007FC97E /* WeatherSummaryView.swift in Sources */ = {isa = PBXBuildFile; fileRef = B992550E2AE642E8007FC97E /* WeatherSummaryView.swift */; };
		B99255112AE650BB007FC97E /* HourlyForecastView.swift in Sources */ = {isa = PBXBuildFile; fileRef = B99255102AE650BB007FC97E /* HourlyForecastView.swift */; };
		B99255132AE68B24007FC97E /* DailyForecastView.swift in Sources */ = {isa = PBXBuildFile; fileRef = B99255122AE68B24007FC97E /* DailyForecastView.swift */; };
		B99255152AE778B5007FC97E /* RangedProgressView.swift in Sources */ = {isa = PBXBuildFile; fileRef = B99255142AE778B5007FC97E /* RangedProgressView.swift */; };
		B993C6972B01F4FA009EDA6E /* TemperatureTest.swift in Sources */ = {isa = PBXBuildFile; fileRef = B993C6962B01F4FA009EDA6E /* TemperatureTest.swift */; };
		B99688DC2B5D4F450094036D /* Weathersnapshot.swift in Sources */ = {isa = PBXBuildFile; fileRef = B99688DB2B5D4F450094036D /* Weathersnapshot.swift */; };
		B99688DE2B5D50670094036D /* WeatherCondition.swift in Sources */ = {isa = PBXBuildFile; fileRef = B99688DD2B5D50670094036D /* WeatherCondition.swift */; };
/* End PBXBuildFile section */

/* Begin PBXContainerItemProxy section */
		B99254EE2AE4F0AA007FC97E /* PBXContainerItemProxy */ = {
			isa = PBXContainerItemProxy;
			containerPortal = B99254D52AE4F0A9007FC97E /* Project object */;
			proxyType = 1;
			remoteGlobalIDString = B99254DC2AE4F0A9007FC97E;
			remoteInfo = WeatherAPP;
		};
		B99254F82AE4F0AA007FC97E /* PBXContainerItemProxy */ = {
			isa = PBXContainerItemProxy;
			containerPortal = B99254D52AE4F0A9007FC97E /* Project object */;
			proxyType = 1;
			remoteGlobalIDString = B99254DC2AE4F0A9007FC97E;
			remoteInfo = WeatherAPP;
		};
/* End PBXContainerItemProxy section */

/* Begin PBXFileReference section */
		B928D9D52B23088F0058B9EB /* Temperature.swift */ = {isa = PBXFileReference; lastKnownFileType = sourcecode.swift; path = Temperature.swift; sourceTree = "<group>"; };
		B99254DD2AE4F0A9007FC97E /* WeatherAPP.app */ = {isa = PBXFileReference; explicitFileType = wrapper.application; includeInIndex = 0; path = WeatherAPP.app; sourceTree = BUILT_PRODUCTS_DIR; };
		B99254E02AE4F0A9007FC97E /* WeatherAPPApp.swift */ = {isa = PBXFileReference; lastKnownFileType = sourcecode.swift; path = WeatherAPPApp.swift; sourceTree = "<group>"; };
		B99254E22AE4F0A9007FC97E /* ContentView.swift */ = {isa = PBXFileReference; lastKnownFileType = sourcecode.swift; path = ContentView.swift; sourceTree = "<group>"; };
		B99254E42AE4F0AA007FC97E /* Assets.xcassets */ = {isa = PBXFileReference; lastKnownFileType = folder.assetcatalog; path = Assets.xcassets; sourceTree = "<group>"; };
		B99254E72AE4F0AA007FC97E /* Preview Assets.xcassets */ = {isa = PBXFileReference; lastKnownFileType = folder.assetcatalog; path = "Preview Assets.xcassets"; sourceTree = "<group>"; };
		B99254ED2AE4F0AA007FC97E /* WeatherAPPTests.xctest */ = {isa = PBXFileReference; explicitFileType = wrapper.cfbundle; includeInIndex = 0; path = WeatherAPPTests.xctest; sourceTree = BUILT_PRODUCTS_DIR; };
		B99254F12AE4F0AA007FC97E /* WeatherAPPTests.swift */ = {isa = PBXFileReference; lastKnownFileType = sourcecode.swift; path = WeatherAPPTests.swift; sourceTree = "<group>"; };
		B99254F72AE4F0AA007FC97E /* WeatherAPPUITests.xctest */ = {isa = PBXFileReference; explicitFileType = wrapper.cfbundle; includeInIndex = 0; path = WeatherAPPUITests.xctest; sourceTree = BUILT_PRODUCTS_DIR; };
		B99254FB2AE4F0AA007FC97E /* WeatherAPPUITests.swift */ = {isa = PBXFileReference; lastKnownFileType = sourcecode.swift; path = WeatherAPPUITests.swift; sourceTree = "<group>"; };
		B99254FD2AE4F0AA007FC97E /* WeatherAPPUITestsLaunchTests.swift */ = {isa = PBXFileReference; lastKnownFileType = sourcecode.swift; path = WeatherAPPUITestsLaunchTests.swift; sourceTree = "<group>"; };
		B992550E2AE642E8007FC97E /* WeatherSummaryView.swift */ = {isa = PBXFileReference; lastKnownFileType = sourcecode.swift; path = WeatherSummaryView.swift; sourceTree = "<group>"; };
		B99255102AE650BB007FC97E /* HourlyForecastView.swift */ = {isa = PBXFileReference; lastKnownFileType = sourcecode.swift; path = HourlyForecastView.swift; sourceTree = "<group>"; };
		B99255122AE68B24007FC97E /* DailyForecastView.swift */ = {isa = PBXFileReference; lastKnownFileType = sourcecode.swift; path = DailyForecastView.swift; sourceTree = "<group>"; };
		B99255142AE778B5007FC97E /* RangedProgressView.swift */ = {isa = PBXFileReference; lastKnownFileType = sourcecode.swift; path = RangedProgressView.swift; sourceTree = "<group>"; };
		B993C6962B01F4FA009EDA6E /* TemperatureTest.swift */ = {isa = PBXFileReference; lastKnownFileType = sourcecode.swift; path = TemperatureTest.swift; sourceTree = "<group>"; };
		B99688DB2B5D4F450094036D /* Weathersnapshot.swift */ = {isa = PBXFileReference; lastKnownFileType = sourcecode.swift; path = Weathersnapshot.swift; sourceTree = "<group>"; };
		B99688DD2B5D50670094036D /* WeatherCondition.swift */ = {isa = PBXFileReference; lastKnownFileType = sourcecode.swift; path = WeatherCondition.swift; sourceTree = "<group>"; };
/* End PBXFileReference section */

/* Begin PBXFrameworksBuildPhase section */
		B99254DA2AE4F0A9007FC97E /* Frameworks */ = {
			isa = PBXFrameworksBuildPhase;
			buildActionMask = 2147483647;
			files = (
			);
			runOnlyForDeploymentPostprocessing = 0;
		};
		B99254EA2AE4F0AA007FC97E /* Frameworks */ = {
			isa = PBXFrameworksBuildPhase;
			buildActionMask = 2147483647;
			files = (
			);
			runOnlyForDeploymentPostprocessing = 0;
		};
		B99254F42AE4F0AA007FC97E /* Frameworks */ = {
			isa = PBXFrameworksBuildPhase;
			buildActionMask = 2147483647;
			files = (
			);
			runOnlyForDeploymentPostprocessing = 0;
		};
/* End PBXFrameworksBuildPhase section */

/* Begin PBXGroup section */
		B99254D42AE4F0A9007FC97E = {
			isa = PBXGroup;
			children = (
				B99688DD2B5D50670094036D /* WeatherCondition.swift */,
				B99688DB2B5D4F450094036D /* Weathersnapshot.swift */,
				B993C6962B01F4FA009EDA6E /* TemperatureTest.swift */,
				B99255142AE778B5007FC97E /* RangedProgressView.swift */,
				B99254DF2AE4F0A9007FC97E /* WeatherAPP */,
				B99254F02AE4F0AA007FC97E /* WeatherAPPTests */,
				B99254FA2AE4F0AA007FC97E /* WeatherAPPUITests */,
				B99254DE2AE4F0A9007FC97E /* Products */,
			);
			sourceTree = "<group>";
		};
		B99254DE2AE4F0A9007FC97E /* Products */ = {
			isa = PBXGroup;
			children = (
				B99254DD2AE4F0A9007FC97E /* WeatherAPP.app */,
				B99254ED2AE4F0AA007FC97E /* WeatherAPPTests.xctest */,
				B99254F72AE4F0AA007FC97E /* WeatherAPPUITests.xctest */,
			);
			name = Products;
			sourceTree = "<group>";
		};
		B99254DF2AE4F0A9007FC97E /* WeatherAPP */ = {
			isa = PBXGroup;
			children = (
				B99254E02AE4F0A9007FC97E /* WeatherAPPApp.swift */,
				B99254E22AE4F0A9007FC97E /* ContentView.swift */,
				B992550E2AE642E8007FC97E /* WeatherSummaryView.swift */,
				B99255102AE650BB007FC97E /* HourlyForecastView.swift */,
				B99255122AE68B24007FC97E /* DailyForecastView.swift */,
				B928D9D52B23088F0058B9EB /* Temperature.swift */,
				B99254E42AE4F0AA007FC97E /* Assets.xcassets */,
				B99254E62AE4F0AA007FC97E /* Preview Content */,
			);
			path = WeatherAPP;
			sourceTree = "<group>";
		};
		B99254E62AE4F0AA007FC97E /* Preview Content */ = {
			isa = PBXGroup;
			children = (
				B99254E72AE4F0AA007FC97E /* Preview Assets.xcassets */,
			);
			path = "Preview Content";
			sourceTree = "<group>";
		};
		B99254F02AE4F0AA007FC97E /* WeatherAPPTests */ = {
			isa = PBXGroup;
			children = (
				B99254F12AE4F0AA007FC97E /* WeatherAPPTests.swift */,
			);
			path = WeatherAPPTests;
			sourceTree = "<group>";
		};
		B99254FA2AE4F0AA007FC97E /* WeatherAPPUITests */ = {
			isa = PBXGroup;
			children = (
				B99254FB2AE4F0AA007FC97E /* WeatherAPPUITests.swift */,
				B99254FD2AE4F0AA007FC97E /* WeatherAPPUITestsLaunchTests.swift */,
			);
			path = WeatherAPPUITests;
			sourceTree = "<group>";
		};
/* End PBXGroup section */

/* Begin PBXNativeTarget section */
		B99254DC2AE4F0A9007FC97E /* WeatherAPP */ = {
			isa = PBXNativeTarget;
			buildConfigurationList = B99255012AE4F0AA007FC97E /* Build configuration list for PBXNativeTarget "WeatherAPP" */;
			buildPhases = (
				B99254D92AE4F0A9007FC97E /* Sources */,
				B99254DA2AE4F0A9007FC97E /* Frameworks */,
				B99254DB2AE4F0A9007FC97E /* Resources */,
			);
			buildRules = (
			);
			dependencies = (
			);
			name = WeatherAPP;
			productName = WeatherAPP;
			productReference = B99254DD2AE4F0A9007FC97E /* WeatherAPP.app */;
			productType = "com.apple.product-type.application";
		};
		B99254EC2AE4F0AA007FC97E /* WeatherAPPTests */ = {
			isa = PBXNativeTarget;
			buildConfigurationList = B99255042AE4F0AA007FC97E /* Build configuration list for PBXNativeTarget "WeatherAPPTests" */;
			buildPhases = (
				B99254E92AE4F0AA007FC97E /* Sources */,
				B99254EA2AE4F0AA007FC97E /* Frameworks */,
				B99254EB2AE4F0AA007FC97E /* Resources */,
			);
			buildRules = (
			);
			dependencies = (
				B99254EF2AE4F0AA007FC97E /* PBXTargetDependency */,
			);
			name = WeatherAPPTests;
			productName = WeatherAPPTests;
			productReference = B99254ED2AE4F0AA007FC97E /* WeatherAPPTests.xctest */;
			productType = "com.apple.product-type.bundle.unit-test";
		};
		B99254F62AE4F0AA007FC97E /* WeatherAPPUITests */ = {
			isa = PBXNativeTarget;
			buildConfigurationList = B99255072AE4F0AA007FC97E /* Build configuration list for PBXNativeTarget "WeatherAPPUITests" */;
			buildPhases = (
				B99254F32AE4F0AA007FC97E /* Sources */,
				B99254F42AE4F0AA007FC97E /* Frameworks */,
				B99254F52AE4F0AA007FC97E /* Resources */,
			);
			buildRules = (
			);
			dependencies = (
				B99254F92AE4F0AA007FC97E /* PBXTargetDependency */,
			);
			name = WeatherAPPUITests;
			productName = WeatherAPPUITests;
			productReference = B99254F72AE4F0AA007FC97E /* WeatherAPPUITests.xctest */;
			productType = "com.apple.product-type.bundle.ui-testing";
		};
/* End PBXNativeTarget section */

/* Begin PBXProject section */
		B99254D52AE4F0A9007FC97E /* Project object */ = {
			isa = PBXProject;
			attributes = {
				BuildIndependentTargetsInParallel = 1;
				LastSwiftUpdateCheck = 1500;
				LastUpgradeCheck = 1500;
				TargetAttributes = {
					B99254DC2AE4F0A9007FC97E = {
						CreatedOnToolsVersion = 15.0;
					};
					B99254EC2AE4F0AA007FC97E = {
						CreatedOnToolsVersion = 15.0;
						TestTargetID = B99254DC2AE4F0A9007FC97E;
					};
					B99254F62AE4F0AA007FC97E = {
						CreatedOnToolsVersion = 15.0;
						TestTargetID = B99254DC2AE4F0A9007FC97E;
					};
				};
			};
			buildConfigurationList = B99254D82AE4F0A9007FC97E /* Build configuration list for PBXProject "WeatherAPP" */;
			compatibilityVersion = "Xcode 14.0";
			developmentRegion = en;
			hasScannedForEncodings = 0;
			knownRegions = (
				en,
				Base,
			);
			mainGroup = B99254D42AE4F0A9007FC97E;
			productRefGroup = B99254DE2AE4F0A9007FC97E /* Products */;
			projectDirPath = "";
			projectRoot = "";
			targets = (
				B99254DC2AE4F0A9007FC97E /* WeatherAPP */,
				B99254EC2AE4F0AA007FC97E /* WeatherAPPTests */,
				B99254F62AE4F0AA007FC97E /* WeatherAPPUITests */,
			);
		};
/* End PBXProject section */

/* Begin PBXResourcesBuildPhase section */
		B99254DB2AE4F0A9007FC97E /* Resources */ = {
			isa = PBXResourcesBuildPhase;
			buildActionMask = 2147483647;
			files = (
				B99254E82AE4F0AA007FC97E /* Preview Assets.xcassets in Resources */,
				B99254E52AE4F0AA007FC97E /* Assets.xcassets in Resources */,
			);
			runOnlyForDeploymentPostprocessing = 0;
		};
		B99254EB2AE4F0AA007FC97E /* Resources */ = {
			isa = PBXResourcesBuildPhase;
			buildActionMask = 2147483647;
			files = (
			);
			runOnlyForDeploymentPostprocessing = 0;
		};
		B99254F52AE4F0AA007FC97E /* Resources */ = {
			isa = PBXResourcesBuildPhase;
			buildActionMask = 2147483647;
			files = (
			);
			runOnlyForDeploymentPostprocessing = 0;
		};
/* End PBXResourcesBuildPhase section */

/* Begin PBXSourcesBuildPhase section */
		B99254D92AE4F0A9007FC97E /* Sources */ = {
			isa = PBXSourcesBuildPhase;
			buildActionMask = 2147483647;
			files = (
				B99688DC2B5D4F450094036D /* Weathersnapshot.swift in Sources */,
				B99255112AE650BB007FC97E /* HourlyForecastView.swift in Sources */,
				B99255132AE68B24007FC97E /* DailyForecastView.swift in Sources */,
				B99255152AE778B5007FC97E /* RangedProgressView.swift in Sources */,
				B99688DE2B5D50670094036D /* WeatherCondition.swift in Sources */,
				B99254E32AE4F0A9007FC97E /* ContentView.swift in Sources */,
				B992550F2AE642E8007FC97E /* WeatherSummaryView.swift in Sources */,
				B928D9D62B23088F0058B9EB /* Temperature.swift in Sources */,
				B99254E12AE4F0A9007FC97E /* WeatherAPPApp.swift in Sources */,
			);
			runOnlyForDeploymentPostprocessing = 0;
		};
		B99254E92AE4F0AA007FC97E /* Sources */ = {
			isa = PBXSourcesBuildPhase;
			buildActionMask = 2147483647;
			files = (
				B993C6972B01F4FA009EDA6E /* TemperatureTest.swift in Sources */,
				B99254F22AE4F0AA007FC97E /* WeatherAPPTests.swift in Sources */,
			);
			runOnlyForDeploymentPostprocessing = 0;
		};
		B99254F32AE4F0AA007FC97E /* Sources */ = {
			isa = PBXSourcesBuildPhase;
			buildActionMask = 2147483647;
			files = (
				B99254FC2AE4F0AA007FC97E /* WeatherAPPUITests.swift in Sources */,
				B99254FE2AE4F0AA007FC97E /* WeatherAPPUITestsLaunchTests.swift in Sources */,
			);
			runOnlyForDeploymentPostprocessing = 0;
		};
/* End PBXSourcesBuildPhase section */

/* Begin PBXTargetDependency section */
		B99254EF2AE4F0AA007FC97E /* PBXTargetDependency */ = {
			isa = PBXTargetDependency;
			target = B99254DC2AE4F0A9007FC97E /* WeatherAPP */;
			targetProxy = B99254EE2AE4F0AA007FC97E /* PBXContainerItemProxy */;
		};
		B99254F92AE4F0AA007FC97E /* PBXTargetDependency */ = {
			isa = PBXTargetDependency;
			target = B99254DC2AE4F0A9007FC97E /* WeatherAPP */;
			targetProxy = B99254F82AE4F0AA007FC97E /* PBXContainerItemProxy */;
		};
/* End PBXTargetDependency section */

/* Begin XCBuildConfiguration section */
		B99254FF2AE4F0AA007FC97E /* Debug */ = {
			isa = XCBuildConfiguration;
			buildSettings = {
				ALWAYS_SEARCH_USER_PATHS = NO;
				ASSETCATALOG_COMPILER_GENERATE_SWIFT_ASSET_SYMBOL_EXTENSIONS = YES;
				CLANG_ANALYZER_NONNULL = YES;
				CLANG_ANALYZER_NUMBER_OBJECT_CONVERSION = YES_AGGRESSIVE;
				CLANG_CXX_LANGUAGE_STANDARD = "gnu++20";
				CLANG_ENABLE_MODULES = YES;
				CLANG_ENABLE_OBJC_ARC = YES;
				CLANG_ENABLE_OBJC_WEAK = YES;
				CLANG_WARN_BLOCK_CAPTURE_AUTORELEASING = YES;
				CLANG_WARN_BOOL_CONVERSION = YES;
				CLANG_WARN_COMMA = YES;
				CLANG_WARN_CONSTANT_CONVERSION = YES;
				CLANG_WARN_DEPRECATED_OBJC_IMPLEMENTATIONS = YES;
				CLANG_WARN_DIRECT_OBJC_ISA_USAGE = YES_ERROR;
				CLANG_WARN_DOCUMENTATION_COMMENTS = YES;
				CLANG_WARN_EMPTY_BODY = YES;
				CLANG_WARN_ENUM_CONVERSION = YES;
				CLANG_WARN_INFINITE_RECURSION = YES;
				CLANG_WARN_INT_CONVERSION = YES;
				CLANG_WARN_NON_LITERAL_NULL_CONVERSION = YES;
				CLANG_WARN_OBJC_IMPLICIT_RETAIN_SELF = YES;
				CLANG_WARN_OBJC_LITERAL_CONVERSION = YES;
				CLANG_WARN_OBJC_ROOT_CLASS = YES_ERROR;
				CLANG_WARN_QUOTED_INCLUDE_IN_FRAMEWORK_HEADER = YES;
				CLANG_WARN_RANGE_LOOP_ANALYSIS = YES;
				CLANG_WARN_STRICT_PROTOTYPES = YES;
				CLANG_WARN_SUSPICIOUS_MOVE = YES;
				CLANG_WARN_UNGUARDED_AVAILABILITY = YES_AGGRESSIVE;
				CLANG_WARN_UNREACHABLE_CODE = YES;
				CLANG_WARN__DUPLICATE_METHOD_MATCH = YES;
				COPY_PHASE_STRIP = NO;
				DEBUG_INFORMATION_FORMAT = dwarf;
				ENABLE_STRICT_OBJC_MSGSEND = YES;
				ENABLE_TESTABILITY = YES;
				ENABLE_USER_SCRIPT_SANDBOXING = YES;
				GCC_C_LANGUAGE_STANDARD = gnu17;
				GCC_DYNAMIC_NO_PIC = NO;
				GCC_NO_COMMON_BLOCKS = YES;
				GCC_OPTIMIZATION_LEVEL = 0;
				GCC_PREPROCESSOR_DEFINITIONS = (
					"DEBUG=1",
					"$(inherited)",
				);
				GCC_WARN_64_TO_32_BIT_CONVERSION = YES;
				GCC_WARN_ABOUT_RETURN_TYPE = YES_ERROR;
				GCC_WARN_UNDECLARED_SELECTOR = YES;
				GCC_WARN_UNINITIALIZED_AUTOS = YES_AGGRESSIVE;
				GCC_WARN_UNUSED_FUNCTION = YES;
				GCC_WARN_UNUSED_VARIABLE = YES;
				IPHONEOS_DEPLOYMENT_TARGET = 17.0;
				LOCALIZATION_PREFERS_STRING_CATALOGS = YES;
				MTL_ENABLE_DEBUG_INFO = INCLUDE_SOURCE;
				MTL_FAST_MATH = YES;
				ONLY_ACTIVE_ARCH = YES;
				SDKROOT = iphoneos;
				SWIFT_ACTIVE_COMPILATION_CONDITIONS = "DEBUG $(inherited)";
				SWIFT_OPTIMIZATION_LEVEL = "-Onone";
			};
			name = Debug;
		};
		B99255002AE4F0AA007FC97E /* Release */ = {
			isa = XCBuildConfiguration;
			buildSettings = {
				ALWAYS_SEARCH_USER_PATHS = NO;
				ASSETCATALOG_COMPILER_GENERATE_SWIFT_ASSET_SYMBOL_EXTENSIONS = YES;
				CLANG_ANALYZER_NONNULL = YES;
				CLANG_ANALYZER_NUMBER_OBJECT_CONVERSION = YES_AGGRESSIVE;
				CLANG_CXX_LANGUAGE_STANDARD = "gnu++20";
				CLANG_ENABLE_MODULES = YES;
				CLANG_ENABLE_OBJC_ARC = YES;
				CLANG_ENABLE_OBJC_WEAK = YES;
				CLANG_WARN_BLOCK_CAPTURE_AUTORELEASING = YES;
				CLANG_WARN_BOOL_CONVERSION = YES;
				CLANG_WARN_COMMA = YES;
				CLANG_WARN_CONSTANT_CONVERSION = YES;
				CLANG_WARN_DEPRECATED_OBJC_IMPLEMENTATIONS = YES;
				CLANG_WARN_DIRECT_OBJC_ISA_USAGE = YES_ERROR;
				CLANG_WARN_DOCUMENTATION_COMMENTS = YES;
				CLANG_WARN_EMPTY_BODY = YES;
				CLANG_WARN_ENUM_CONVERSION = YES;
				CLANG_WARN_INFINITE_RECURSION = YES;
				CLANG_WARN_INT_CONVERSION = YES;
				CLANG_WARN_NON_LITERAL_NULL_CONVERSION = YES;
				CLANG_WARN_OBJC_IMPLICIT_RETAIN_SELF = YES;
				CLANG_WARN_OBJC_LITERAL_CONVERSION = YES;
				CLANG_WARN_OBJC_ROOT_CLASS = YES_ERROR;
				CLANG_WARN_QUOTED_INCLUDE_IN_FRAMEWORK_HEADER = YES;
				CLANG_WARN_RANGE_LOOP_ANALYSIS = YES;
				CLANG_WARN_STRICT_PROTOTYPES = YES;
				CLANG_WARN_SUSPICIOUS_MOVE = YES;
				CLANG_WARN_UNGUARDED_AVAILABILITY = YES_AGGRESSIVE;
				CLANG_WARN_UNREACHABLE_CODE = YES;
				CLANG_WARN__DUPLICATE_METHOD_MATCH = YES;
				COPY_PHASE_STRIP = NO;
				DEBUG_INFORMATION_FORMAT = "dwarf-with-dsym";
				ENABLE_NS_ASSERTIONS = NO;
				ENABLE_STRICT_OBJC_MSGSEND = YES;
				ENABLE_USER_SCRIPT_SANDBOXING = YES;
				GCC_C_LANGUAGE_STANDARD = gnu17;
				GCC_NO_COMMON_BLOCKS = YES;
				GCC_WARN_64_TO_32_BIT_CONVERSION = YES;
				GCC_WARN_ABOUT_RETURN_TYPE = YES_ERROR;
				GCC_WARN_UNDECLARED_SELECTOR = YES;
				GCC_WARN_UNINITIALIZED_AUTOS = YES_AGGRESSIVE;
				GCC_WARN_UNUSED_FUNCTION = YES;
				GCC_WARN_UNUSED_VARIABLE = YES;
				IPHONEOS_DEPLOYMENT_TARGET = 17.0;
				LOCALIZATION_PREFERS_STRING_CATALOGS = YES;
				MTL_ENABLE_DEBUG_INFO = NO;
				MTL_FAST_MATH = YES;
				SDKROOT = iphoneos;
				SWIFT_COMPILATION_MODE = wholemodule;
				VALIDATE_PRODUCT = YES;
			};
			name = Release;
		};
		B99255022AE4F0AA007FC97E /* Debug */ = {
			isa = XCBuildConfiguration;
			buildSettings = {
				ASSETCATALOG_COMPILER_APPICON_NAME = AppIcon;
				ASSETCATALOG_COMPILER_GLOBAL_ACCENT_COLOR_NAME = AccentColor;
				CODE_SIGN_STYLE = Automatic;
				CURRENT_PROJECT_VERSION = 1;
				DEVELOPMENT_ASSET_PATHS = "\"WeatherAPP/Preview Content\"";
				ENABLE_PREVIEWS = YES;
				GENERATE_INFOPLIST_FILE = YES;
				INFOPLIST_KEY_UIApplicationSceneManifest_Generation = YES;
				INFOPLIST_KEY_UIApplicationSupportsIndirectInputEvents = YES;
				INFOPLIST_KEY_UILaunchScreen_Generation = YES;
				INFOPLIST_KEY_UISupportedInterfaceOrientations_iPad = "UIInterfaceOrientationPortrait UIInterfaceOrientationPortraitUpsideDown UIInterfaceOrientationLandscapeLeft UIInterfaceOrientationLandscapeRight";
				INFOPLIST_KEY_UISupportedInterfaceOrientations_iPhone = "UIInterfaceOrientationPortrait UIInterfaceOrientationLandscapeLeft UIInterfaceOrientationLandscapeRight";
				LD_RUNPATH_SEARCH_PATHS = (
					"$(inherited)",
					"@executable_path/Frameworks",
				);
				MARKETING_VERSION = 1.0;
				PRODUCT_BUNDLE_IDENTIFIER = meowmeow.WeatherAPP;
				PRODUCT_NAME = "$(TARGET_NAME)";
				SWIFT_EMIT_LOC_STRINGS = YES;
				SWIFT_VERSION = 5.0;
				TARGETED_DEVICE_FAMILY = "1,2";
			};
			name = Debug;
		};
		B99255032AE4F0AA007FC97E /* Release */ = {
			isa = XCBuildConfiguration;
			buildSettings = {
				ASSETCATALOG_COMPILER_APPICON_NAME = AppIcon;
				ASSETCATALOG_COMPILER_GLOBAL_ACCENT_COLOR_NAME = AccentColor;
				CODE_SIGN_STYLE = Automatic;
				CURRENT_PROJECT_VERSION = 1;
				DEVELOPMENT_ASSET_PATHS = "\"WeatherAPP/Preview Content\"";
				ENABLE_PREVIEWS = YES;
				GENERATE_INFOPLIST_FILE = YES;
				INFOPLIST_KEY_UIApplicationSceneManifest_Generation = YES;
				INFOPLIST_KEY_UIApplicationSupportsIndirectInputEvents = YES;
				INFOPLIST_KEY_UILaunchScreen_Generation = YES;
				INFOPLIST_KEY_UISupportedInterfaceOrientations_iPad = "UIInterfaceOrientationPortrait UIInterfaceOrientationPortraitUpsideDown UIInterfaceOrientationLandscapeLeft UIInterfaceOrientationLandscapeRight";
				INFOPLIST_KEY_UISupportedInterfaceOrientations_iPhone = "UIInterfaceOrientationPortrait UIInterfaceOrientationLandscapeLeft UIInterfaceOrientationLandscapeRight";
				LD_RUNPATH_SEARCH_PATHS = (
					"$(inherited)",
					"@executable_path/Frameworks",
				);
				MARKETING_VERSION = 1.0;
				PRODUCT_BUNDLE_IDENTIFIER = meowmeow.WeatherAPP;
				PRODUCT_NAME = "$(TARGET_NAME)";
				SWIFT_EMIT_LOC_STRINGS = YES;
				SWIFT_VERSION = 5.0;
				TARGETED_DEVICE_FAMILY = "1,2";
			};
			name = Release;
		};
		B99255052AE4F0AA007FC97E /* Debug */ = {
			isa = XCBuildConfiguration;
			buildSettings = {
				ALWAYS_EMBED_SWIFT_STANDARD_LIBRARIES = YES;
				BUNDLE_LOADER = "$(TEST_HOST)";
				CODE_SIGN_STYLE = Automatic;
				CURRENT_PROJECT_VERSION = 1;
				GENERATE_INFOPLIST_FILE = YES;
				IPHONEOS_DEPLOYMENT_TARGET = 17.0;
				MARKETING_VERSION = 1.0;
				PRODUCT_BUNDLE_IDENTIFIER = meowmeow.WeatherAPPTests;
				PRODUCT_NAME = "$(TARGET_NAME)";
				SWIFT_EMIT_LOC_STRINGS = NO;
				SWIFT_VERSION = 5.0;
				TARGETED_DEVICE_FAMILY = "1,2";
				TEST_HOST = "$(BUILT_PRODUCTS_DIR)/WeatherAPP.app/$(BUNDLE_EXECUTABLE_FOLDER_PATH)/WeatherAPP";
			};
			name = Debug;
		};
		B99255062AE4F0AA007FC97E /* Release */ = {
			isa = XCBuildConfiguration;
			buildSettings = {
				ALWAYS_EMBED_SWIFT_STANDARD_LIBRARIES = YES;
				BUNDLE_LOADER = "$(TEST_HOST)";
				CODE_SIGN_STYLE = Automatic;
				CURRENT_PROJECT_VERSION = 1;
				GENERATE_INFOPLIST_FILE = YES;
				IPHONEOS_DEPLOYMENT_TARGET = 17.0;
				MARKETING_VERSION = 1.0;
				PRODUCT_BUNDLE_IDENTIFIER = meowmeow.WeatherAPPTests;
				PRODUCT_NAME = "$(TARGET_NAME)";
				SWIFT_EMIT_LOC_STRINGS = NO;
				SWIFT_VERSION = 5.0;
				TARGETED_DEVICE_FAMILY = "1,2";
				TEST_HOST = "$(BUILT_PRODUCTS_DIR)/WeatherAPP.app/$(BUNDLE_EXECUTABLE_FOLDER_PATH)/WeatherAPP";
			};
			name = Release;
		};
		B99255082AE4F0AA007FC97E /* Debug */ = {
			isa = XCBuildConfiguration;
			buildSettings = {
				ALWAYS_EMBED_SWIFT_STANDARD_LIBRARIES = YES;
				CODE_SIGN_STYLE = Automatic;
				CURRENT_PROJECT_VERSION = 1;
				GENERATE_INFOPLIST_FILE = YES;
				MARKETING_VERSION = 1.0;
				PRODUCT_BUNDLE_IDENTIFIER = meowmeow.WeatherAPPUITests;
				PRODUCT_NAME = "$(TARGET_NAME)";
				SWIFT_EMIT_LOC_STRINGS = NO;
				SWIFT_VERSION = 5.0;
				TARGETED_DEVICE_FAMILY = "1,2";
				TEST_TARGET_NAME = WeatherAPP;
			};
			name = Debug;
		};
		B99255092AE4F0AA007FC97E /* Release */ = {
			isa = XCBuildConfiguration;
			buildSettings = {
				ALWAYS_EMBED_SWIFT_STANDARD_LIBRARIES = YES;
				CODE_SIGN_STYLE = Automatic;
				CURRENT_PROJECT_VERSION = 1;
				GENERATE_INFOPLIST_FILE = YES;
				MARKETING_VERSION = 1.0;
				PRODUCT_BUNDLE_IDENTIFIER = meowmeow.WeatherAPPUITests;
				PRODUCT_NAME = "$(TARGET_NAME)";
				SWIFT_EMIT_LOC_STRINGS = NO;
				SWIFT_VERSION = 5.0;
				TARGETED_DEVICE_FAMILY = "1,2";
				TEST_TARGET_NAME = WeatherAPP;
			};
			name = Release;
		};
/* End XCBuildConfiguration section */

/* Begin XCConfigurationList section */
		B99254D82AE4F0A9007FC97E /* Build configuration list for PBXProject "WeatherAPP" */ = {
			isa = XCConfigurationList;
			buildConfigurations = (
				B99254FF2AE4F0AA007FC97E /* Debug */,
				B99255002AE4F0AA007FC97E /* Release */,
			);
			defaultConfigurationIsVisible = 0;
			defaultConfigurationName = Release;
		};
		B99255012AE4F0AA007FC97E /* Build configuration list for PBXNativeTarget "WeatherAPP" */ = {
			isa = XCConfigurationList;
			buildConfigurations = (
				B99255022AE4F0AA007FC97E /* Debug */,
				B99255032AE4F0AA007FC97E /* Release */,
			);
			defaultConfigurationIsVisible = 0;
			defaultConfigurationName = Release;
		};
		B99255042AE4F0AA007FC97E /* Build configuration list for PBXNativeTarget "WeatherAPPTests" */ = {
			isa = XCConfigurationList;
			buildConfigurations = (
				B99255052AE4F0AA007FC97E /* Debug */,
				B99255062AE4F0AA007FC97E /* Release */,
			);
			defaultConfigurationIsVisible = 0;
			defaultConfigurationName = Release;
		};
		B99255072AE4F0AA007FC97E /* Build configuration list for PBXNativeTarget "WeatherAPPUITests" */ = {
			isa = XCConfigurationList;
			buildConfigurations = (
				B99255082AE4F0AA007FC97E /* Debug */,
				B99255092AE4F0AA007FC97E /* Release */,
			);
			defaultConfigurationIsVisible = 0;
			defaultConfigurationName = Release;
		};
/* End XCConfigurationList section */
	};
	rootObject = B99254D52AE4F0A9007FC97E /* Project object */;
}
